
Microsoft Visual Studio Solution File, Format Version 12.00
# Visual Studio 14
VisualStudioVersion = 14.0.25420.1
MinimumVisualStudioVersion = 10.0.40219.1
Project("{FAE04EC0-301F-11D3-BF4B-00C04F79EFBC}") = "Presentacion", "Presentacion\Presentacion.csproj", "{0AF8641A-E9CA-41BF-87D9-C09CA84E4349}"
EndProject
Project("{FAE04EC0-301F-11D3-BF4B-00C04F79EFBC}") = "Negocio", "Negocio\Negocio.csproj", "{91C933B3-9390-4537-AA4E-C8A52B55B3AC}"
EndProject
Project("{FAE04EC0-301F-11D3-BF4B-00C04F79EFBC}") = "Datos", "Datos\Datos.csproj", "{C9CC6D4C-03E9-47E0-9C65-6E022B706B7F}"
EndProject
Project("{FAE04EC0-301F-11D3-BF4B-00C04F79EFBC}") = "Comun", "Comun\Comun.csproj", "{D515D65A-8667-4CB2-816A-07D4F541E4C9}"
EndProject
Global
	GlobalSection(SolutionConfigurationPlatforms) = preSolution
		Debug|Any CPU = Debug|Any CPU
		Debug|Mixed Platforms = Debug|Mixed Platforms
		Debug|x86 = Debug|x86
		Release|Any CPU = Release|Any CPU
		Release|Mixed Platforms = Release|Mixed Platforms
		Release|x86 = Release|x86
	EndGlobalSection
	GlobalSection(ProjectConfigurationPlatforms) = postSolution
		{0AF8641A-E9CA-41BF-87D9-C09CA84E4349}.Debug|Any CPU.ActiveCfg = Debug|x86
		{0AF8641A-E9CA-41BF-87D9-C09CA84E4349}.Debug|Mixed Platforms.ActiveCfg = Debug|x86
		{0AF8641A-E9CA-41BF-87D9-C09CA84E4349}.Debug|Mixed Platforms.Build.0 = Debug|x86
		{0AF8641A-E9CA-41BF-87D9-C09CA84E4349}.Debug|x86.ActiveCfg = Debug|x86
		{0AF8641A-E9CA-41BF-87D9-C09CA84E4349}.Debug|x86.Build.0 = Debug|x86
		{0AF8641A-E9CA-41BF-87D9-C09CA84E4349}.Release|Any CPU.ActiveCfg = Release|x86
		{0AF8641A-E9CA-41BF-87D9-C09CA84E4349}.Release|Mixed Platforms.ActiveCfg = Release|x86
		{0AF8641A-E9CA-41BF-87D9-C09CA84E4349}.Release|Mixed Platforms.Build.0 = Release|x86
		{0AF8641A-E9CA-41BF-87D9-C09CA84E4349}.Release|x86.ActiveCfg = Release|x86
		{0AF8641A-E9CA-41BF-87D9-C09CA84E4349}.Release|x86.Build.0 = Release|x86
		{91C933B3-9390-4537-AA4E-C8A52B55B3AC}.Debug|Any CPU.ActiveCfg = Debug|Any CPU
		{91C933B3-9390-4537-AA4E-C8A52B55B3AC}.Debug|Any CPU.Build.0 = Debug|Any CPU
		{91C933B3-9390-4537-AA4E-C8A52B55B3AC}.Debug|Mixed Platforms.ActiveCfg = Debug|Any CPU
		{91C933B3-9390-4537-AA4E-C8A52B55B3AC}.Debug|Mixed Platforms.Build.0 = Debug|Any CPU
		{91C933B3-9390-4537-AA4E-C8A52B55B3AC}.Debug|x86.ActiveCfg = Debug|Any CPU
		{91C933B3-9390-4537-AA4E-C8A52B55B3AC}.Release|Any CPU.ActiveCfg = Release|Any CPU
		{91C933B3-9390-4537-AA4E-C8A52B55B3AC}.Release|Any CPU.Build.0 = Release|Any CPU
		{91C933B3-9390-4537-AA4E-C8A52B55B3AC}.Release|Mixed Platforms.ActiveCfg = Release|Any CPU
		{91C933B3-9390-4537-AA4E-C8A52B55B3AC}.Release|Mixed Platforms.Build.0 = Release|Any CPU
		{91C933B3-9390-4537-AA4E-C8A52B55B3AC}.Release|x86.ActiveCfg = Release|Any CPU
		{C9CC6D4C-03E9-47E0-9C65-6E022B706B7F}.Debug|Any CPU.ActiveCfg = Debug|Any CPU
		{C9CC6D4C-03E9-47E0-9C65-6E022B706B7F}.Debug|Any CPU.Build.0 = Debug|Any CPU
		{C9CC6D4C-03E9-47E0-9C65-6E022B706B7F}.Debug|Mixed Platforms.ActiveCfg = Debug|Any CPU
		{C9CC6D4C-03E9-47E0-9C65-6E022B706B7F}.Debug|Mixed Platforms.Build.0 = Debug|Any CPU
		{C9CC6D4C-03E9-47E0-9C65-6E022B706B7F}.Debug|x86.ActiveCfg = Debug|Any CPU
		{C9CC6D4C-03E9-47E0-9C65-6E022B706B7F}.Release|Any CPU.ActiveCfg = Release|Any CPU
		{C9CC6D4C-03E9-47E0-9C65-6E022B706B7F}.Release|Any CPU.Build.0 = Release|Any CPU
		{C9CC6D4C-03E9-47E0-9C65-6E022B706B7F}.Release|Mixed Platforms.ActiveCfg = Release|Any CPU
		{C9CC6D4C-03E9-47E0-9C65-6E022B706B7F}.Release|Mixed Platforms.Build.0 = Release|Any CPU
		{C9CC6D4C-03E9-47E0-9C65-6E022B706B7F}.Release|x86.ActiveCfg = Release|Any CPU
		{D515D65A-8667-4CB2-816A-07D4F541E4C9}.Debug|Any CPU.ActiveCfg = Debug|Any CPU
		{D515D65A-8667-4CB2-816A-07D4F541E4C9}.Debug|Any CPU.Build.0 = Debug|Any CPU
		{D515D65A-8667-4CB2-816A-07D4F541E4C9}.Debug|Mixed Platforms.ActiveCfg = Debug|Any CPU
		{D515D65A-8667-4CB2-816A-07D4F541E4C9}.Debug|Mixed Platforms.Build.0 = Debug|Any CPU
		{D515D65A-8667-4CB2-816A-07D4F541E4C9}.Debug|x86.ActiveCfg = Debug|Any CPU
		{D515D65A-8667-4CB2-816A-07D4F541E4C9}.Debug|x86.Build.0 = Debug|Any CPU
		{D515D65A-8667-4CB2-816A-07D4F541E4C9}.Release|Any CPU.ActiveCfg = Release|Any CPU
		{D515D65A-8667-4CB2-816A-07D4F541E4C9}.Release|Any CPU.Build.0 = Release|Any CPU
		{D515D65A-8667-4CB2-816A-07D4F541E4C9}.Release|Mixed Platforms.ActiveCfg = Release|Any CPU
		{D515D65A-8667-4CB2-816A-07D4F541E4C9}.Release|Mixed Platforms.Build.0 = Release|Any CPU
		{D515D65A-8667-4CB2-816A-07D4F541E4C9}.Release|x86.ActiveCfg = Release|Any CPU
		{D515D65A-8667-4CB2-816A-07D4F541E4C9}.Release|x86.Build.0 = Release|Any CPU
	EndGlobalSection
	GlobalSection(SolutionProperties) = preSolution
		HideSolutionNode = FALSE
	EndGlobalSection
	GlobalSection(ExtensibilityGlobals) = postSolution
		SolutionGuid = {400805C2-942A-4E90-91E1-0480FEFC453B}
	EndGlobalSection
EndGlobal
